
Microsoft Visual Studio Solution File, Format Version 12.00
# Visual Studio 15
VisualStudioVersion = 15.0.27703.2018
MinimumVisualStudioVersion = 10.0.40219.1
Project("{FAE04EC0-301F-11D3-BF4B-00C04F79EFBC}") = "com.huayunfly.app", "com.huayunfly.app\com.huayunfly.app.csproj", "{06AA4AC3-8F47-4620-869D-B5CC460C8829}"
EndProject
Global
	GlobalSection(SolutionConfigurationPlatforms) = preSolution
		Debug|Any CPU = Debug|Any CPU
		Release|Any CPU = Release|Any CPU
	EndGlobalSection
	GlobalSection(ProjectConfigurationPlatforms) = postSolution
		{06AA4AC3-8F47-4620-869D-B5CC460C8829}.Debug|Any CPU.ActiveCfg = Debug|Any CPU
		{06AA4AC3-8F47-4620-869D-B5CC460C8829}.Debug|Any CPU.Build.0 = Debug|Any CPU
		{06AA4AC3-8F47-4620-869D-B5CC460C8829}.Release|Any CPU.ActiveCfg = Release|Any CPU
		{06AA4AC3-8F47-4620-869D-B5CC460C8829}.Release|Any CPU.Build.0 = Release|Any CPU
	EndGlobalSection
	GlobalSection(SolutionProperties) = preSolution
		HideSolutionNode = FALSE
	EndGlobalSection
	GlobalSection(ExtensibilityGlobals) = postSolution
		SolutionGuid = {84B8165A-6BB8-4B55-A486-7FD7083ACBD9}
	EndGlobalSection
EndGlobal
