
Microsoft Visual Studio Solution File, Format Version 12.00
# Visual Studio 15
VisualStudioVersion = 15.0.27004.2005
MinimumVisualStudioVersion = 10.0.40219.1
Project("{9A19103F-16F7-4668-BE54-9A1E7A4F7556}") = "com.huayunfly.app", "com.huayunfly.app\com.huayunfly.app.csproj", "{06AA4AC3-8F47-4620-869D-B5CC460C8829}"
EndProject
Project("{9A19103F-16F7-4668-BE54-9A1E7A4F7556}") = "com.huayunfly.app.xunit.tests", "com.huayunfly.app.xunit.tests\com.huayunfly.app.xunit.tests.csproj", "{04796680-1DE7-4C5F-BAF3-2C84C4A10235}"
EndProject
Project("{FAE04EC0-301F-11D3-BF4B-00C04F79EFBC}") = "com.huayunfly.workflow.tests", "com.huayunfly.workflow.tests\com.huayunfly.workflow.tests.csproj", "{9CC57B9A-DBD9-4E99-B80D-EC591DF04118}"
EndProject
Project("{FAE04EC0-301F-11D3-BF4B-00C04F79EFBC}") = "Workflow.Activities", "Workflow.Activities\Workflow.Activities.csproj", "{FD98A05C-416F-4041-AE5C-9C0697804C6E}"
EndProject
Project("{FAE04EC0-301F-11D3-BF4B-00C04F79EFBC}") = "HttpClientTest", "HttpClientTest\HttpClientTest.csproj", "{74EA9A43-4342-4819-9DEF-44F5C925048B}"
EndProject
Global
	GlobalSection(SolutionConfigurationPlatforms) = preSolution
		Debug|Any CPU = Debug|Any CPU
		Release|Any CPU = Release|Any CPU
	EndGlobalSection
	GlobalSection(ProjectConfigurationPlatforms) = postSolution
		{06AA4AC3-8F47-4620-869D-B5CC460C8829}.Debug|Any CPU.ActiveCfg = Debug|Any CPU
		{06AA4AC3-8F47-4620-869D-B5CC460C8829}.Debug|Any CPU.Build.0 = Debug|Any CPU
		{06AA4AC3-8F47-4620-869D-B5CC460C8829}.Release|Any CPU.ActiveCfg = Release|Any CPU
		{06AA4AC3-8F47-4620-869D-B5CC460C8829}.Release|Any CPU.Build.0 = Release|Any CPU
		{04796680-1DE7-4C5F-BAF3-2C84C4A10235}.Debug|Any CPU.ActiveCfg = Debug|Any CPU
		{04796680-1DE7-4C5F-BAF3-2C84C4A10235}.Debug|Any CPU.Build.0 = Debug|Any CPU
		{04796680-1DE7-4C5F-BAF3-2C84C4A10235}.Release|Any CPU.ActiveCfg = Release|Any CPU
		{04796680-1DE7-4C5F-BAF3-2C84C4A10235}.Release|Any CPU.Build.0 = Release|Any CPU
		{9CC57B9A-DBD9-4E99-B80D-EC591DF04118}.Debug|Any CPU.ActiveCfg = Debug|Any CPU
		{9CC57B9A-DBD9-4E99-B80D-EC591DF04118}.Debug|Any CPU.Build.0 = Debug|Any CPU
		{9CC57B9A-DBD9-4E99-B80D-EC591DF04118}.Release|Any CPU.ActiveCfg = Release|Any CPU
		{9CC57B9A-DBD9-4E99-B80D-EC591DF04118}.Release|Any CPU.Build.0 = Release|Any CPU
		{FD98A05C-416F-4041-AE5C-9C0697804C6E}.Debug|Any CPU.ActiveCfg = Debug|Any CPU
		{FD98A05C-416F-4041-AE5C-9C0697804C6E}.Debug|Any CPU.Build.0 = Debug|Any CPU
		{FD98A05C-416F-4041-AE5C-9C0697804C6E}.Release|Any CPU.ActiveCfg = Release|Any CPU
		{FD98A05C-416F-4041-AE5C-9C0697804C6E}.Release|Any CPU.Build.0 = Release|Any CPU
		{74EA9A43-4342-4819-9DEF-44F5C925048B}.Debug|Any CPU.ActiveCfg = Debug|Any CPU
		{74EA9A43-4342-4819-9DEF-44F5C925048B}.Debug|Any CPU.Build.0 = Debug|Any CPU
		{74EA9A43-4342-4819-9DEF-44F5C925048B}.Release|Any CPU.ActiveCfg = Release|Any CPU
		{74EA9A43-4342-4819-9DEF-44F5C925048B}.Release|Any CPU.Build.0 = Release|Any CPU
	EndGlobalSection
	GlobalSection(SolutionProperties) = preSolution
		HideSolutionNode = FALSE
	EndGlobalSection
	GlobalSection(ExtensibilityGlobals) = postSolution
		SolutionGuid = {84B8165A-6BB8-4B55-A486-7FD7083ACBD9}
	EndGlobalSection
EndGlobal
