
Microsoft Visual Studio Solution File, Format Version 12.00
# Visual Studio 15
VisualStudioVersion = 15.0.27428.2037
MinimumVisualStudioVersion = 10.0.40219.1
Project("{FAE04EC0-301F-11D3-BF4B-00C04F79EFBC}") = "Client", "Client\Client.csproj", "{D27E90AD-E10B-47B8-8EAC-61A07047D04D}"
EndProject
Project("{FAE04EC0-301F-11D3-BF4B-00C04F79EFBC}") = "RequestService", "RequestService\RequestService.csproj", "{6F12C8B3-B292-45DD-9E8D-F9D4F6F3334A}"
EndProject
Project("{FAE04EC0-301F-11D3-BF4B-00C04F79EFBC}") = "Messages", "Messages\Messages.csproj", "{E9DF725F-CE4C-4077-A7E0-C68E92DF9901}"
EndProject
Global
	GlobalSection(SolutionConfigurationPlatforms) = preSolution
		Debug|Any CPU = Debug|Any CPU
		Release|Any CPU = Release|Any CPU
	EndGlobalSection
	GlobalSection(ProjectConfigurationPlatforms) = postSolution
		{D27E90AD-E10B-47B8-8EAC-61A07047D04D}.Debug|Any CPU.ActiveCfg = Debug|Any CPU
		{D27E90AD-E10B-47B8-8EAC-61A07047D04D}.Debug|Any CPU.Build.0 = Debug|Any CPU
		{D27E90AD-E10B-47B8-8EAC-61A07047D04D}.Release|Any CPU.ActiveCfg = Release|Any CPU
		{D27E90AD-E10B-47B8-8EAC-61A07047D04D}.Release|Any CPU.Build.0 = Release|Any CPU
		{6F12C8B3-B292-45DD-9E8D-F9D4F6F3334A}.Debug|Any CPU.ActiveCfg = Debug|Any CPU
		{6F12C8B3-B292-45DD-9E8D-F9D4F6F3334A}.Debug|Any CPU.Build.0 = Debug|Any CPU
		{6F12C8B3-B292-45DD-9E8D-F9D4F6F3334A}.Release|Any CPU.ActiveCfg = Release|Any CPU
		{6F12C8B3-B292-45DD-9E8D-F9D4F6F3334A}.Release|Any CPU.Build.0 = Release|Any CPU
		{E9DF725F-CE4C-4077-A7E0-C68E92DF9901}.Debug|Any CPU.ActiveCfg = Debug|Any CPU
		{E9DF725F-CE4C-4077-A7E0-C68E92DF9901}.Debug|Any CPU.Build.0 = Debug|Any CPU
		{E9DF725F-CE4C-4077-A7E0-C68E92DF9901}.Release|Any CPU.ActiveCfg = Release|Any CPU
		{E9DF725F-CE4C-4077-A7E0-C68E92DF9901}.Release|Any CPU.Build.0 = Release|Any CPU
	EndGlobalSection
	GlobalSection(SolutionProperties) = preSolution
		HideSolutionNode = FALSE
	EndGlobalSection
	GlobalSection(ExtensibilityGlobals) = postSolution
		SolutionGuid = {445B1097-2826-460C-98F1-745F060A1D95}
	EndGlobalSection
EndGlobal
